
Microsoft Visual Studio Solution File, Format Version 12.00
# Visual Studio Version 17
VisualStudioVersion = 17.10.34916.146
MinimumVisualStudioVersion = 10.0.40219.1
Project("{FAE04EC0-301F-11D3-BF4B-00C04F79EFBC}") = "AcademiaDoZe_WPF", "AcademiaDoZe_WPF\AcademiaDoZe_WPF.csproj", "{FA2D363A-3188-48E5-A2FC-45C79AFB3440}"
EndProject
Global
	GlobalSection(SolutionConfigurationPlatforms) = preSolution
		Debug|Any CPU = Debug|Any CPU
		Release|Any CPU = Release|Any CPU
	EndGlobalSection
	GlobalSection(ProjectConfigurationPlatforms) = postSolution
		{FA2D363A-3188-48E5-A2FC-45C79AFB3440}.Debug|Any CPU.ActiveCfg = Debug|Any CPU
		{FA2D363A-3188-48E5-A2FC-45C79AFB3440}.Debug|Any CPU.Build.0 = Debug|Any CPU
		{FA2D363A-3188-48E5-A2FC-45C79AFB3440}.Release|Any CPU.ActiveCfg = Release|Any CPU
		{FA2D363A-3188-48E5-A2FC-45C79AFB3440}.Release|Any CPU.Build.0 = Release|Any CPU
	EndGlobalSection
	GlobalSection(SolutionProperties) = preSolution
		HideSolutionNode = FALSE
	EndGlobalSection
	GlobalSection(ExtensibilityGlobals) = postSolution
		SolutionGuid = {16A1DBAA-0A90-44B2-AB4C-1BF922D538FB}
	EndGlobalSection
EndGlobal
